
Microsoft Visual Studio Solution File, Format Version 10.00
# Visual Studio 2008
Project("{FAE04EC0-301F-11D3-BF4B-00C04F79EFBC}") = "AutoRotationConfig", "AutoRotationConfig\AutoRotationConfig.csproj", "{6C022554-2806-4595-BDD4-08DB036DB2AD}"
EndProject
Project("{B900F1C2-3D47-4FEC-85B3-04AAF18C3634}") = "Setup", "Setup\Setup.vddproj", "{7049ABFA-D947-4871-828E-E070DAE9F308}"
EndProject
Global
	GlobalSection(SolutionConfigurationPlatforms) = preSolution
		DebugHtc|Any CPU = DebugHtc|Any CPU
		DebugSamsung|Any CPU = DebugSamsung|Any CPU
		ReleaseHtc|Any CPU = ReleaseHtc|Any CPU
		ReleaseSamsung|Any CPU = ReleaseSamsung|Any CPU
	EndGlobalSection
	GlobalSection(ProjectConfigurationPlatforms) = postSolution
		{6C022554-2806-4595-BDD4-08DB036DB2AD}.DebugHtc|Any CPU.ActiveCfg = DebugHtc|Any CPU
		{6C022554-2806-4595-BDD4-08DB036DB2AD}.DebugHtc|Any CPU.Build.0 = DebugHtc|Any CPU
		{6C022554-2806-4595-BDD4-08DB036DB2AD}.DebugHtc|Any CPU.Deploy.0 = DebugHtc|Any CPU
		{6C022554-2806-4595-BDD4-08DB036DB2AD}.DebugSamsung|Any CPU.ActiveCfg = DebugSamsung|Any CPU
		{6C022554-2806-4595-BDD4-08DB036DB2AD}.DebugSamsung|Any CPU.Build.0 = DebugSamsung|Any CPU
		{6C022554-2806-4595-BDD4-08DB036DB2AD}.DebugSamsung|Any CPU.Deploy.0 = DebugSamsung|Any CPU
		{6C022554-2806-4595-BDD4-08DB036DB2AD}.ReleaseHtc|Any CPU.ActiveCfg = ReleaseHtc|Any CPU
		{6C022554-2806-4595-BDD4-08DB036DB2AD}.ReleaseHtc|Any CPU.Build.0 = ReleaseHtc|Any CPU
		{6C022554-2806-4595-BDD4-08DB036DB2AD}.ReleaseHtc|Any CPU.Deploy.0 = ReleaseHtc|Any CPU
		{6C022554-2806-4595-BDD4-08DB036DB2AD}.ReleaseSamsung|Any CPU.ActiveCfg = ReleaseSamsung|Any CPU
		{6C022554-2806-4595-BDD4-08DB036DB2AD}.ReleaseSamsung|Any CPU.Build.0 = ReleaseSamsung|Any CPU
		{6C022554-2806-4595-BDD4-08DB036DB2AD}.ReleaseSamsung|Any CPU.Deploy.0 = ReleaseSamsung|Any CPU
		{7049ABFA-D947-4871-828E-E070DAE9F308}.DebugHtc|Any CPU.ActiveCfg = Debug
		{7049ABFA-D947-4871-828E-E070DAE9F308}.DebugSamsung|Any CPU.ActiveCfg = Debug
		{7049ABFA-D947-4871-828E-E070DAE9F308}.ReleaseHtc|Any CPU.ActiveCfg = Release
		{7049ABFA-D947-4871-828E-E070DAE9F308}.ReleaseSamsung|Any CPU.ActiveCfg = Release
	EndGlobalSection
	GlobalSection(SolutionProperties) = preSolution
		HideSolutionNode = FALSE
	EndGlobalSection
EndGlobal
